
Microsoft Visual Studio Solution File, Format Version 12.00
# Visual Studio Version 17
VisualStudioVersion = 17.6.33815.320
MinimumVisualStudioVersion = 10.0.40219.1
Project("{FAE04EC0-301F-11D3-BF4B-00C04F79EFBC}") = "Ass2TeacherRecord", "Ass2TeacherRecord.csproj", "{B532EEF5-917E-4020-80D9-87FC4BD5ABE6}"
EndProject
Global
	GlobalSection(SolutionConfigurationPlatforms) = preSolution
		Debug|Any CPU = Debug|Any CPU
		Release|Any CPU = Release|Any CPU
	EndGlobalSection
	GlobalSection(ProjectConfigurationPlatforms) = postSolution
		{B532EEF5-917E-4020-80D9-87FC4BD5ABE6}.Debug|Any CPU.ActiveCfg = Debug|Any CPU
		{B532EEF5-917E-4020-80D9-87FC4BD5ABE6}.Debug|Any CPU.Build.0 = Debug|Any CPU
		{B532EEF5-917E-4020-80D9-87FC4BD5ABE6}.Release|Any CPU.ActiveCfg = Release|Any CPU
		{B532EEF5-917E-4020-80D9-87FC4BD5ABE6}.Release|Any CPU.Build.0 = Release|Any CPU
	EndGlobalSection
	GlobalSection(SolutionProperties) = preSolution
		HideSolutionNode = FALSE
	EndGlobalSection
	GlobalSection(ExtensibilityGlobals) = postSolution
		SolutionGuid = {2D0D3307-2ECA-4460-8B23-98C6401F4129}
	EndGlobalSection
EndGlobal
